
Microsoft Visual Studio Solution File, Format Version 12.00
# Visual Studio Version 16
VisualStudioVersion = 16.0.29806.167
MinimumVisualStudioVersion = 10.0.40219.1
Project("{FAE04EC0-301F-11D3-BF4B-00C04F79EFBC}") = "DungeonConsole", "DungeonConsole\DungeonConsole.csproj", "{F4626CF2-A3C2-4698-A0C0-9E6D6D12C9A9}"
EndProject
Project("{FAE04EC0-301F-11D3-BF4B-00C04F79EFBC}") = "DungeonGui", "DungeonGui\DungeonGui.csproj", "{3A58FE14-0802-418A-B9CE-01913C6341C8}"
EndProject
Project("{FAE04EC0-301F-11D3-BF4B-00C04F79EFBC}") = "Syncfusion.Diagram", "..\Diagram\Src\Syncfusion.Diagram.csproj", "{7B014FBB-61CA-4CB6-86A4-9C23211EA303}"
EndProject
Project("{9A19103F-16F7-4668-BE54-9A1E7A4F7556}") = "AdventureGameEngine", "GameEngine\AdventureGameEngine.csproj", "{552E290F-BAFB-46A8-B48D-2F01D6DEEE1A}"
EndProject
Project("{9A19103F-16F7-4668-BE54-9A1E7A4F7556}") = "DungeonLib", "DungeonLib\DungeonLib.csproj", "{5C46F4D3-EE72-48AA-A9E3-6F2849F4F03C}"
EndProject
Global
	GlobalSection(SolutionConfigurationPlatforms) = preSolution
		Debug|Any CPU = Debug|Any CPU
		Documentation|Any CPU = Documentation|Any CPU
		Release|Any CPU = Release|Any CPU
	EndGlobalSection
	GlobalSection(ProjectConfigurationPlatforms) = postSolution
		{F4626CF2-A3C2-4698-A0C0-9E6D6D12C9A9}.Debug|Any CPU.ActiveCfg = Debug|Any CPU
		{F4626CF2-A3C2-4698-A0C0-9E6D6D12C9A9}.Debug|Any CPU.Build.0 = Debug|Any CPU
		{F4626CF2-A3C2-4698-A0C0-9E6D6D12C9A9}.Documentation|Any CPU.ActiveCfg = Debug|Any CPU
		{F4626CF2-A3C2-4698-A0C0-9E6D6D12C9A9}.Documentation|Any CPU.Build.0 = Debug|Any CPU
		{F4626CF2-A3C2-4698-A0C0-9E6D6D12C9A9}.Release|Any CPU.ActiveCfg = Release|Any CPU
		{F4626CF2-A3C2-4698-A0C0-9E6D6D12C9A9}.Release|Any CPU.Build.0 = Release|Any CPU
		{3A58FE14-0802-418A-B9CE-01913C6341C8}.Debug|Any CPU.ActiveCfg = Debug|Any CPU
		{3A58FE14-0802-418A-B9CE-01913C6341C8}.Debug|Any CPU.Build.0 = Debug|Any CPU
		{3A58FE14-0802-418A-B9CE-01913C6341C8}.Documentation|Any CPU.ActiveCfg = Debug|Any CPU
		{3A58FE14-0802-418A-B9CE-01913C6341C8}.Documentation|Any CPU.Build.0 = Debug|Any CPU
		{3A58FE14-0802-418A-B9CE-01913C6341C8}.Release|Any CPU.ActiveCfg = Release|Any CPU
		{3A58FE14-0802-418A-B9CE-01913C6341C8}.Release|Any CPU.Build.0 = Release|Any CPU
		{7B014FBB-61CA-4CB6-86A4-9C23211EA303}.Debug|Any CPU.ActiveCfg = Debug|Any CPU
		{7B014FBB-61CA-4CB6-86A4-9C23211EA303}.Debug|Any CPU.Build.0 = Debug|Any CPU
		{7B014FBB-61CA-4CB6-86A4-9C23211EA303}.Documentation|Any CPU.ActiveCfg = Documentation|Any CPU
		{7B014FBB-61CA-4CB6-86A4-9C23211EA303}.Documentation|Any CPU.Build.0 = Documentation|Any CPU
		{7B014FBB-61CA-4CB6-86A4-9C23211EA303}.Release|Any CPU.ActiveCfg = Release|Any CPU
		{7B014FBB-61CA-4CB6-86A4-9C23211EA303}.Release|Any CPU.Build.0 = Release|Any CPU
		{552E290F-BAFB-46A8-B48D-2F01D6DEEE1A}.Debug|Any CPU.ActiveCfg = Debug|Any CPU
		{552E290F-BAFB-46A8-B48D-2F01D6DEEE1A}.Debug|Any CPU.Build.0 = Debug|Any CPU
		{552E290F-BAFB-46A8-B48D-2F01D6DEEE1A}.Documentation|Any CPU.ActiveCfg = Debug|Any CPU
		{552E290F-BAFB-46A8-B48D-2F01D6DEEE1A}.Documentation|Any CPU.Build.0 = Debug|Any CPU
		{552E290F-BAFB-46A8-B48D-2F01D6DEEE1A}.Release|Any CPU.ActiveCfg = Release|Any CPU
		{552E290F-BAFB-46A8-B48D-2F01D6DEEE1A}.Release|Any CPU.Build.0 = Release|Any CPU
		{5C46F4D3-EE72-48AA-A9E3-6F2849F4F03C}.Debug|Any CPU.ActiveCfg = Debug|Any CPU
		{5C46F4D3-EE72-48AA-A9E3-6F2849F4F03C}.Debug|Any CPU.Build.0 = Debug|Any CPU
		{5C46F4D3-EE72-48AA-A9E3-6F2849F4F03C}.Documentation|Any CPU.ActiveCfg = Debug|Any CPU
		{5C46F4D3-EE72-48AA-A9E3-6F2849F4F03C}.Documentation|Any CPU.Build.0 = Debug|Any CPU
		{5C46F4D3-EE72-48AA-A9E3-6F2849F4F03C}.Release|Any CPU.ActiveCfg = Release|Any CPU
		{5C46F4D3-EE72-48AA-A9E3-6F2849F4F03C}.Release|Any CPU.Build.0 = Release|Any CPU
	EndGlobalSection
	GlobalSection(SolutionProperties) = preSolution
		HideSolutionNode = FALSE
	EndGlobalSection
	GlobalSection(ExtensibilityGlobals) = postSolution
		SolutionGuid = {782BEC47-0BD8-4BFE-A33B-DC84EEED0450}
	EndGlobalSection
EndGlobal
